{
    "_meta": {
        "hash": {
            "sha256": "1e0745c1943469599eb745c1a5ca893da82b123aa3efc594aafb3f57343efc48"
        },
        "pipfile-spec": 6,
        "requires": {
            "python_version": "3.8"
        },
        "sources": [
            {
                "name": "pypi",
                "url": "https://pypi.org/simple",
                "verify_ssl": true
            }
        ]
    },
    "default": {
        "dataclass-csv": {
            "hashes": [
                "sha256:0ad03e138cb0750f71cf64c56dff9c01f646cbfc6e4092a23d6ce624c9671d96",
                "sha256:e6df91d942c70a7d6e1d347bbb5c96a22080e8e8d0b7a559a3a016dd4eb490c7"
            ],
            "index": "pypi",
            "version": "==1.3.0"
        },
        "dataclasses-json": {
            "hashes": [
                "sha256:381c184e047b738397d8c8fa2f3989a96307149040891ba1b99cd63901c8134c",
                "sha256:68e0851451962fa9019958b99af316a0469c371ecfe45c937a4e2f4c43c0ff63"
            ],
            "index": "pypi",
            "version": "==0.5.5"
        },
        "marshmallow": {
            "hashes": [
                "sha256:c67929438fd73a2be92128caa0325b1b5ed8b626d91a094d2f7f2771bf1f1c0e",
                "sha256:dd4724335d3c2b870b641ffe4a2f8728a1380cd2e7e2312756715ffeaa82b842"
            ],
            "markers": "python_version >= '3.5'",
            "version": "==3.13.0"
        },
        "marshmallow-enum": {
            "hashes": [
                "sha256:38e697e11f45a8e64b4a1e664000897c659b60aa57bfa18d44e226a9920b6e58",
                "sha256:57161ab3dbfde4f57adeb12090f39592e992b9c86d206d02f6bd03ebec60f072"
            ],
            "version": "==1.5.1"
        },
        "mypy-extensions": {
            "hashes": [
                "sha256:090fedd75945a69ae91ce1303b5824f428daf5a028d2f6ab8a299250a846f15d",
                "sha256:2d82818f5bb3e369420cb3c4060a7970edba416647068eb4c5343488a6c604a8"
            ],
            "version": "==0.4.3"
        },
        "typing-extensions": {
            "hashes": [
                "sha256:49f75d16ff11f1cd258e1b988ccff82a3ca5570217d7ad8c5f48205dd99a677e",
                "sha256:d8226d10bc02a29bcc81df19a26e56a9647f8b0a6d4a83924139f4a8b01f17b7",
                "sha256:f1d25edafde516b146ecd0613dabcc61409817af4766fbbcfb8d1ad4ec441a34"
            ],
            "version": "==3.10.0.2"
        },
        "typing-inspect": {
            "hashes": [
                "sha256:047d4097d9b17f46531bf6f014356111a1b6fb821a24fe7ac909853ca2a782aa",
                "sha256:3cd7d4563e997719a710a3bfe7ffb544c6b72069b6812a02e9b414a8fa3aaa6b",
                "sha256:b1f56c0783ef0f25fb064a01be6e5407e54cf4a4bf4f3ba3fe51e0bd6dcea9e5"
            ],
            "version": "==0.7.1"
        }
    },
    "develop": {}
}
